{
    "hash": "78de2ebc2d3474309808da2a0c9dbcad",
    "packages": [
        {
            "name": "webignition/string-parser",
            "version": "dev-master",
            "source": {
                "type": "git",
                "url": "https://github.com/webignition/string-parser.git",
                "reference": "0.2"
            },
            "dist": {
                "type": "zip",
                "url": "https://github.com/webignition/string-parser/archive/0.2.zip",
                "reference": "0.2",
                "shasum": ""
            },
            "require": {
                "php": ">=5.3.0"
            },
            "time": "2012-11-30 11:28:31",
            "type": "library",
            "installation-source": "source",
            "autoload": {
                "psr-0": {
                    "": "src/"
                }
            },
            "notification-url": "https://packagist.org/downloads/",
            "license": [
                "MIT"
            ],
            "authors": [
                {
                    "name": "Jon Cram",
                    "email": "jon@webignition.net"
                }
            ],
            "description": "Abstract state-based string parser",
            "homepage": "https://github.com/webignition/string-parser",
            "keywords": [
                "parser",
                "string"
            ]
        }
    ],
    "packages-dev": null,
    "aliases": [

    ],
    "minimum-stability": "dev",
    "stability-flags": [

    ]
}
